
Microsoft Visual Studio Solution File, Format Version 12.00
# Visual Studio Version 17
VisualStudioVersion = 17.14.37012.4
MinimumVisualStudioVersion = 10.0.40219.1
Project("{FAE04EC0-301F-11D3-BF4B-00C04F79EFBC}") = "proyecto.API", "proyecto.API\proyecto.API.csproj", "{6AC10494-5AF8-41CC-9DFB-9A9A0DBE1726}"
EndProject
Project("{FAE04EC0-301F-11D3-BF4B-00C04F79EFBC}") = "proyecto.Web", "proyecto.Web\proyecto.Web.csproj", "{834F7800-B435-40FF-B9F7-5E3819D9C1F4}"
EndProject
Project("{FAE04EC0-301F-11D3-BF4B-00C04F79EFBC}") = "proyecto.Data", "proyecto.Data\proyecto.Data.csproj", "{F2608FDB-FD76-455B-8529-3B457600A15A}"
EndProject
Project("{FAE04EC0-301F-11D3-BF4B-00C04F79EFBC}") = "proyecto.Models", "proyecto.Models\proyecto.Models.csproj", "{A7474ED9-2E5B-4C4F-BB83-ED956AE15271}"
EndProject
Project("{FAE04EC0-301F-11D3-BF4B-00C04F79EFBC}") = "proyecto.Core", "proyecto.Core\proyecto.Core.csproj", "{E2EAFDA3-B329-43CA-BF2F-B17974DA0D04}"
EndProject
Project("{FAE04EC0-301F-11D3-BF4B-00C04F79EFBC}") = "proyecto.Architecture", "proyecto.Architecture\proyecto.Architecture.csproj", "{6F85AF79-39D1-40B1-B32B-0434E026C765}"
EndProject
Global
	GlobalSection(SolutionConfigurationPlatforms) = preSolution
		Debug|Any CPU = Debug|Any CPU
		Debug|x64 = Debug|x64
		Debug|x86 = Debug|x86
		Release|Any CPU = Release|Any CPU
		Release|x64 = Release|x64
		Release|x86 = Release|x86
	EndGlobalSection
	GlobalSection(ProjectConfigurationPlatforms) = postSolution
		{6AC10494-5AF8-41CC-9DFB-9A9A0DBE1726}.Debug|Any CPU.ActiveCfg = Debug|Any CPU
		{6AC10494-5AF8-41CC-9DFB-9A9A0DBE1726}.Debug|Any CPU.Build.0 = Debug|Any CPU
		{6AC10494-5AF8-41CC-9DFB-9A9A0DBE1726}.Debug|x64.ActiveCfg = Debug|Any CPU
		{6AC10494-5AF8-41CC-9DFB-9A9A0DBE1726}.Debug|x64.Build.0 = Debug|Any CPU
		{6AC10494-5AF8-41CC-9DFB-9A9A0DBE1726}.Debug|x86.ActiveCfg = Debug|Any CPU
		{6AC10494-5AF8-41CC-9DFB-9A9A0DBE1726}.Debug|x86.Build.0 = Debug|Any CPU
		{6AC10494-5AF8-41CC-9DFB-9A9A0DBE1726}.Release|Any CPU.ActiveCfg = Release|Any CPU
		{6AC10494-5AF8-41CC-9DFB-9A9A0DBE1726}.Release|Any CPU.Build.0 = Release|Any CPU
		{6AC10494-5AF8-41CC-9DFB-9A9A0DBE1726}.Release|x64.ActiveCfg = Release|Any CPU
		{6AC10494-5AF8-41CC-9DFB-9A9A0DBE1726}.Release|x64.Build.0 = Release|Any CPU
		{6AC10494-5AF8-41CC-9DFB-9A9A0DBE1726}.Release|x86.ActiveCfg = Release|Any CPU
		{6AC10494-5AF8-41CC-9DFB-9A9A0DBE1726}.Release|x86.Build.0 = Release|Any CPU
		{834F7800-B435-40FF-B9F7-5E3819D9C1F4}.Debug|Any CPU.ActiveCfg = Debug|Any CPU
		{834F7800-B435-40FF-B9F7-5E3819D9C1F4}.Debug|Any CPU.Build.0 = Debug|Any CPU
		{834F7800-B435-40FF-B9F7-5E3819D9C1F4}.Debug|x64.ActiveCfg = Debug|Any CPU
		{834F7800-B435-40FF-B9F7-5E3819D9C1F4}.Debug|x64.Build.0 = Debug|Any CPU
		{834F7800-B435-40FF-B9F7-5E3819D9C1F4}.Debug|x86.ActiveCfg = Debug|Any CPU
		{834F7800-B435-40FF-B9F7-5E3819D9C1F4}.Debug|x86.Build.0 = Debug|Any CPU
		{834F7800-B435-40FF-B9F7-5E3819D9C1F4}.Release|Any CPU.ActiveCfg = Release|Any CPU
		{834F7800-B435-40FF-B9F7-5E3819D9C1F4}.Release|Any CPU.Build.0 = Release|Any CPU
		{834F7800-B435-40FF-B9F7-5E3819D9C1F4}.Release|x64.ActiveCfg = Release|Any CPU
		{834F7800-B435-40FF-B9F7-5E3819D9C1F4}.Release|x64.Build.0 = Release|Any CPU
		{834F7800-B435-40FF-B9F7-5E3819D9C1F4}.Release|x86.ActiveCfg = Release|Any CPU
		{834F7800-B435-40FF-B9F7-5E3819D9C1F4}.Release|x86.Build.0 = Release|Any CPU
		{F2608FDB-FD76-455B-8529-3B457600A15A}.Debug|Any CPU.ActiveCfg = Debug|Any CPU
		{F2608FDB-FD76-455B-8529-3B457600A15A}.Debug|Any CPU.Build.0 = Debug|Any CPU
		{F2608FDB-FD76-455B-8529-3B457600A15A}.Debug|x64.ActiveCfg = Debug|Any CPU
		{F2608FDB-FD76-455B-8529-3B457600A15A}.Debug|x64.Build.0 = Debug|Any CPU
		{F2608FDB-FD76-455B-8529-3B457600A15A}.Debug|x86.ActiveCfg = Debug|Any CPU
		{F2608FDB-FD76-455B-8529-3B457600A15A}.Debug|x86.Build.0 = Debug|Any CPU
		{F2608FDB-FD76-455B-8529-3B457600A15A}.Release|Any CPU.ActiveCfg = Release|Any CPU
		{F2608FDB-FD76-455B-8529-3B457600A15A}.Release|Any CPU.Build.0 = Release|Any CPU
		{F2608FDB-FD76-455B-8529-3B457600A15A}.Release|x64.ActiveCfg = Release|Any CPU
		{F2608FDB-FD76-455B-8529-3B457600A15A}.Release|x64.Build.0 = Release|Any CPU
		{F2608FDB-FD76-455B-8529-3B457600A15A}.Release|x86.ActiveCfg = Release|Any CPU
		{F2608FDB-FD76-455B-8529-3B457600A15A}.Release|x86.Build.0 = Release|Any CPU
		{A7474ED9-2E5B-4C4F-BB83-ED956AE15271}.Debug|Any CPU.ActiveCfg = Debug|Any CPU
		{A7474ED9-2E5B-4C4F-BB83-ED956AE15271}.Debug|Any CPU.Build.0 = Debug|Any CPU
		{A7474ED9-2E5B-4C4F-BB83-ED956AE15271}.Debug|x64.ActiveCfg = Debug|Any CPU
		{A7474ED9-2E5B-4C4F-BB83-ED956AE15271}.Debug|x64.Build.0 = Debug|Any CPU
		{A7474ED9-2E5B-4C4F-BB83-ED956AE15271}.Debug|x86.ActiveCfg = Debug|Any CPU
		{A7474ED9-2E5B-4C4F-BB83-ED956AE15271}.Debug|x86.Build.0 = Debug|Any CPU
		{A7474ED9-2E5B-4C4F-BB83-ED956AE15271}.Release|Any CPU.ActiveCfg = Release|Any CPU
		{A7474ED9-2E5B-4C4F-BB83-ED956AE15271}.Release|Any CPU.Build.0 = Release|Any CPU
		{A7474ED9-2E5B-4C4F-BB83-ED956AE15271}.Release|x64.ActiveCfg = Release|Any CPU
		{A7474ED9-2E5B-4C4F-BB83-ED956AE15271}.Release|x64.Build.0 = Release|Any CPU
		{A7474ED9-2E5B-4C4F-BB83-ED956AE15271}.Release|x86.ActiveCfg = Release|Any CPU
		{A7474ED9-2E5B-4C4F-BB83-ED956AE15271}.Release|x86.Build.0 = Release|Any CPU
		{E2EAFDA3-B329-43CA-BF2F-B17974DA0D04}.Debug|Any CPU.ActiveCfg = Debug|Any CPU
		{E2EAFDA3-B329-43CA-BF2F-B17974DA0D04}.Debug|Any CPU.Build.0 = Debug|Any CPU
		{E2EAFDA3-B329-43CA-BF2F-B17974DA0D04}.Debug|x64.ActiveCfg = Debug|Any CPU
		{E2EAFDA3-B329-43CA-BF2F-B17974DA0D04}.Debug|x64.Build.0 = Debug|Any CPU
		{E2EAFDA3-B329-43CA-BF2F-B17974DA0D04}.Debug|x86.ActiveCfg = Debug|Any CPU
		{E2EAFDA3-B329-43CA-BF2F-B17974DA0D04}.Debug|x86.Build.0 = Debug|Any CPU
		{E2EAFDA3-B329-43CA-BF2F-B17974DA0D04}.Release|Any CPU.ActiveCfg = Release|Any CPU
		{E2EAFDA3-B329-43CA-BF2F-B17974DA0D04}.Release|Any CPU.Build.0 = Release|Any CPU
		{E2EAFDA3-B329-43CA-BF2F-B17974DA0D04}.Release|x64.ActiveCfg = Release|Any CPU
		{E2EAFDA3-B329-43CA-BF2F-B17974DA0D04}.Release|x64.Build.0 = Release|Any CPU
		{E2EAFDA3-B329-43CA-BF2F-B17974DA0D04}.Release|x86.ActiveCfg = Release|Any CPU
		{E2EAFDA3-B329-43CA-BF2F-B17974DA0D04}.Release|x86.Build.0 = Release|Any CPU
		{6F85AF79-39D1-40B1-B32B-0434E026C765}.Debug|Any CPU.ActiveCfg = Debug|Any CPU
		{6F85AF79-39D1-40B1-B32B-0434E026C765}.Debug|Any CPU.Build.0 = Debug|Any CPU
		{6F85AF79-39D1-40B1-B32B-0434E026C765}.Debug|x64.ActiveCfg = Debug|Any CPU
		{6F85AF79-39D1-40B1-B32B-0434E026C765}.Debug|x64.Build.0 = Debug|Any CPU
		{6F85AF79-39D1-40B1-B32B-0434E026C765}.Debug|x86.ActiveCfg = Debug|Any CPU
		{6F85AF79-39D1-40B1-B32B-0434E026C765}.Debug|x86.Build.0 = Debug|Any CPU
		{6F85AF79-39D1-40B1-B32B-0434E026C765}.Release|Any CPU.ActiveCfg = Release|Any CPU
		{6F85AF79-39D1-40B1-B32B-0434E026C765}.Release|Any CPU.Build.0 = Release|Any CPU
		{6F85AF79-39D1-40B1-B32B-0434E026C765}.Release|x64.ActiveCfg = Release|Any CPU
		{6F85AF79-39D1-40B1-B32B-0434E026C765}.Release|x64.Build.0 = Release|Any CPU
		{6F85AF79-39D1-40B1-B32B-0434E026C765}.Release|x86.ActiveCfg = Release|Any CPU
		{6F85AF79-39D1-40B1-B32B-0434E026C765}.Release|x86.Build.0 = Release|Any CPU
	EndGlobalSection
	GlobalSection(SolutionProperties) = preSolution
		HideSolutionNode = FALSE
	EndGlobalSection
	GlobalSection(ExtensibilityGlobals) = postSolution
		SolutionGuid = {AFB45EF6-84CF-44BC-9723-6ABDCB714C0A}
	EndGlobalSection
EndGlobal
